{
  "requires": true,
  "lockfileVersion": 1,
  "dependencies": {
    "@babel/runtime": {
      "version": "7.14.8",
      "resolved": "https://registry.npmjs.org/@babel/runtime/-/runtime-7.14.8.tgz",
      "integrity": "sha512-twj3L8Og5SaCRCErB4x4ajbvBIVV77CGeFglHpeg5WC5FF8TZzBWXtTJ4MqaD9QszLYTtr+IsaAL2rEUevb+eg==",
      "requires": {
        "regenerator-runtime": "^0.13.4"
      }
    },
    "@googlemaps/js-api-loader": {
      "version": "1.11.4",
      "resolved": "https://registry.npmjs.org/@googlemaps/js-api-loader/-/js-api-loader-1.11.4.tgz",
      "integrity": "sha512-atFTSgEXXsE7mOsOIInUKG4JApu/NdyZR79Ed6jF92MjVQTcD6dz/Xo8djf4cIetnq4WYQmetem0d8/uS4o8oQ==",
      "requires": {
        "fast-deep-equal": "^3.1.3"
      }
    },
    "@mapbox/point-geometry": {
      "version": "0.1.0",
      "resolved": "https://registry.npmjs.org/@mapbox/point-geometry/-/point-geometry-0.1.0.tgz",
      "integrity": "sha1-ioP5M1x4YO/6Lu7KJUMyqgru2PI="
    },
    "@material-ui/lab": {
      "version": "4.0.0-alpha.60",
      "resolved": "https://registry.npmjs.org/@material-ui/lab/-/lab-4.0.0-alpha.60.tgz",
      "integrity": "sha512-fadlYsPJF+0fx2lRuyqAuJj7hAS1tLDdIEEdov5jlrpb5pp4b+mRDUqQTUxi4inRZHS1bEXpU8QWUhO6xX88aA==",
      "requires": {
        "@babel/runtime": "^7.4.4",
        "@material-ui/utils": "^4.11.2",
        "clsx": "^1.0.4",
        "prop-types": "^15.7.2",
        "react-is": "^16.8.0 || ^17.0.0"
      }
    },
    "@material-ui/utils": {
      "version": "4.11.2",
      "resolved": "https://registry.npmjs.org/@material-ui/utils/-/utils-4.11.2.tgz",
      "integrity": "sha512-Uul8w38u+PICe2Fg2pDKCaIG7kOyhowZ9vjiC1FsVwPABTW8vPPKfF6OvxRq3IiBaI1faOJmgdvMG7rMJARBhA==",
      "requires": {
        "@babel/runtime": "^7.4.4",
        "prop-types": "^15.7.2",
        "react-is": "^16.8.0 || ^17.0.0"
      }
    },
    "@react-google-maps/api": {
      "version": "2.2.0",
      "resolved": "https://registry.npmjs.org/@react-google-maps/api/-/api-2.2.0.tgz",
      "integrity": "sha512-kMmzHyveLdEiLP+WN/H4vYEyaDTJn59mXj5Y0BxjJs5SIMhUtYxJ6EeJCV0aRSN+Gq5hYFLheBoy8Pfqtabq5g==",
      "requires": {
        "@googlemaps/js-api-loader": "1.11.4",
        "@react-google-maps/infobox": "2.2.0",
        "@react-google-maps/marker-clusterer": "2.2.0",
        "invariant": "2.2.4"
      }
    },
    "@react-google-maps/infobox": {
      "version": "2.2.0",
      "resolved": "https://registry.npmjs.org/@react-google-maps/infobox/-/infobox-2.2.0.tgz",
      "integrity": "sha512-nQbsPdcSTodXaaOgM9CaqyXytBkmollMuaYvERv5zxdoTWT1JvuViSaRbxpc3dYDsEHmp3myLx4ZbDcnOjf7Hg=="
    },
    "@react-google-maps/marker-clusterer": {
      "version": "2.2.0",
      "resolved": "https://registry.npmjs.org/@react-google-maps/marker-clusterer/-/marker-clusterer-2.2.0.tgz",
      "integrity": "sha512-QaQAfY/FdaSwPmm0JnW9AW+t0ocfUYmuso9WmeIMwTRCqcqNxc4GFe5uT0LDLmsYt/wxAeYoGWVaD8sd/Vquig=="
    },
    "clsx": {
      "version": "1.1.1",
      "resolved": "https://registry.npmjs.org/clsx/-/clsx-1.1.1.tgz",
      "integrity": "sha512-6/bPho624p3S2pMyvP5kKBPXnI3ufHLObBFCfgx+LkeR5lg2XYy2hqZqUf45ypD8COn2bhgGJSUE+l5dhNBieA=="
    },
    "eventemitter3": {
      "version": "4.0.7",
      "resolved": "https://registry.npmjs.org/eventemitter3/-/eventemitter3-4.0.7.tgz",
      "integrity": "sha512-8guHBZCwKnFhYdHr2ysuRWErTwhoN2X8XELRlrRwpmfeY2jjuUN4taQMsULKUVo1K4DvZl+0pgfyoysHxvmvEw=="
    },
    "fast-deep-equal": {
      "version": "3.1.3",
      "resolved": "https://registry.npmjs.org/fast-deep-equal/-/fast-deep-equal-3.1.3.tgz",
      "integrity": "sha512-f3qQ9oQy9j2AhBe/H9VC91wLmKBCCU/gDOnKNAYG5hswO7BLKj09Hc5HYNz9cGI++xlpDCIgDaitVs03ATR84Q=="
    },
    "google-map-react": {
      "version": "2.1.10",
      "resolved": "https://registry.npmjs.org/google-map-react/-/google-map-react-2.1.10.tgz",
      "integrity": "sha512-cqW2EcygYqF26inp5liM/pAcCwOGXB9LW32oGwf931Iuq8tnasCpyEtq87G+RyQCKCo2P8/QyV+MGHuc7r9AEg==",
      "requires": {
        "@googlemaps/js-api-loader": "^1.7.0",
        "@mapbox/point-geometry": "^0.1.0",
        "eventemitter3": "^4.0.4",
        "prop-types": "^15.7.2"
      }
    },
    "invariant": {
      "version": "2.2.4",
      "resolved": "https://registry.npmjs.org/invariant/-/invariant-2.2.4.tgz",
      "integrity": "sha512-phJfQVBuaJM5raOpJjSfkiD6BpbCE4Ns//LaXl6wGYtUBY83nWS6Rf9tXm2e8VaK60JEjYldbPif/A2B1C2gNA==",
      "requires": {
        "loose-envify": "^1.0.0"
      }
    },
    "js-tokens": {
      "version": "4.0.0",
      "resolved": "https://registry.npmjs.org/js-tokens/-/js-tokens-4.0.0.tgz",
      "integrity": "sha512-RdJUflcE3cUzKiMqQgsCu06FPu9UdIJO0beYbPhHN4k6apgJtifcoCtT9bcxOpYBtpD2kCM6Sbzg4CausW/PKQ=="
    },
    "loose-envify": {
      "version": "1.4.0",
      "resolved": "https://registry.npmjs.org/loose-envify/-/loose-envify-1.4.0.tgz",
      "integrity": "sha512-lyuxPGr/Wfhrlem2CL/UcnUc1zcqKAImBDzukY7Y5F/yQiNdko6+fRLevlw1HgMySw7f611UIY408EtxRSoK3Q==",
      "requires": {
        "js-tokens": "^3.0.0 || ^4.0.0"
      }
    },
    "object-assign": {
      "version": "4.1.1",
      "resolved": "https://registry.npmjs.org/object-assign/-/object-assign-4.1.1.tgz",
      "integrity": "sha1-IQmtx5ZYh8/AXLvUQsrIv7s2CGM="
    },
    "prop-types": {
      "version": "15.7.2",
      "resolved": "https://registry.npmjs.org/prop-types/-/prop-types-15.7.2.tgz",
      "integrity": "sha512-8QQikdH7//R2vurIJSutZ1smHYTcLpRWEOlHnzcWHmBYrOGUysKwSsrC89BCiFj3CbrfJ/nXFdJepOVrY1GCHQ==",
      "requires": {
        "loose-envify": "^1.4.0",
        "object-assign": "^4.1.1",
        "react-is": "^16.8.1"
      },
      "dependencies": {
        "react-is": {
          "version": "16.13.1",
          "resolved": "https://registry.npmjs.org/react-is/-/react-is-16.13.1.tgz",
          "integrity": "sha512-24e6ynE2H+OKt4kqsOvNd8kBpV65zoxbA4BVsEOB3ARVWQki/DHzaUoC5KuON/BiccDaCCTZBuOcfZs70kR8bQ=="
        }
      }
    },
    "react-is": {
      "version": "17.0.2",
      "resolved": "https://registry.npmjs.org/react-is/-/react-is-17.0.2.tgz",
      "integrity": "sha512-w2GsyukL62IJnlaff/nRegPQR94C/XXamvMWmSHRJ4y7Ts/4ocGRmTHvOs8PSE6pB3dWOrD/nueuU5sduBsQ4w=="
    },
    "regenerator-runtime": {
      "version": "0.13.9",
      "resolved": "https://registry.npmjs.org/regenerator-runtime/-/regenerator-runtime-0.13.9.tgz",
      "integrity": "sha512-p3VT+cOEgxFsRRA9X4lkI1E+k2/CtnKtU4gcxyaCUreilL/vqI6CdZ3wxVUx3UOUg+gnUOQQcRI7BmSI656MYA=="
    }
  }
}
